Microsoft Visual Studio Solution File, Format Version 12.00
# Visual Studio Version 17
VisualStudioVersion = 17.5.2.0
MinimumVisualStudioVersion = 10.0.40219.1
Project("{FAE04EC0-301F-11D3-BF4B-00C04F79EFBC}") = "Nop.Web", "Nop.Web.csproj", "{D9ED88E8-0D98-04CA-B623-C61ED432F318}"
EndProject
Global
	GlobalSection(SolutionConfigurationPlatforms) = preSolution
		Debug|Any CPU = Debug|Any CPU
		Release|Any CPU = Release|Any CPU
	EndGlobalSection
	GlobalSection(ProjectConfigurationPlatforms) = postSolution
		{D9ED88E8-0D98-04CA-B623-C61ED432F318}.Debug|Any CPU.ActiveCfg = Debug|Any CPU
		{D9ED88E8-0D98-04CA-B623-C61ED432F318}.Debug|Any CPU.Build.0 = Debug|Any CPU
		{D9ED88E8-0D98-04CA-B623-C61ED432F318}.Release|Any CPU.ActiveCfg = Release|Any CPU
		{D9ED88E8-0D98-04CA-B623-C61ED432F318}.Release|Any CPU.Build.0 = Release|Any CPU
	EndGlobalSection
	GlobalSection(SolutionProperties) = preSolution
		HideSolutionNode = FALSE
	EndGlobalSection
	GlobalSection(ExtensibilityGlobals) = postSolution
		SolutionGuid = {2B4D591B-3DB6-4549-B932-C3931406218E}
	EndGlobalSection
EndGlobal
